
Microsoft Visual Studio Solution File, Format Version 12.00
# Visual Studio Version 17
VisualStudioVersion = 17.5.33627.172
MinimumVisualStudioVersion = 10.0.40219.1
Project("{FAE04EC0-301F-11D3-BF4B-00C04F79EFBC}") = "Areglos1000000", "Areglos1000000\Areglos1000000.csproj", "{49687AE0-4BA4-4A6C-896B-C768B7E769BE}"
EndProject
Global
	GlobalSection(SolutionConfigurationPlatforms) = preSolution
		Debug|Any CPU = Debug|Any CPU
		Release|Any CPU = Release|Any CPU
	EndGlobalSection
	GlobalSection(ProjectConfigurationPlatforms) = postSolution
		{49687AE0-4BA4-4A6C-896B-C768B7E769BE}.Debug|Any CPU.ActiveCfg = Debug|Any CPU
		{49687AE0-4BA4-4A6C-896B-C768B7E769BE}.Debug|Any CPU.Build.0 = Debug|Any CPU
		{49687AE0-4BA4-4A6C-896B-C768B7E769BE}.Release|Any CPU.ActiveCfg = Release|Any CPU
		{49687AE0-4BA4-4A6C-896B-C768B7E769BE}.Release|Any CPU.Build.0 = Release|Any CPU
	EndGlobalSection
	GlobalSection(SolutionProperties) = preSolution
		HideSolutionNode = FALSE
	EndGlobalSection
	GlobalSection(ExtensibilityGlobals) = postSolution
		SolutionGuid = {1194CACE-EE73-418D-9705-CADA6ECD6B5A}
	EndGlobalSection
EndGlobal
